
Microsoft Visual Studio Solution File, Format Version 12.00
# Visual Studio Version 17
VisualStudioVersion = 17.5.001.0
MinimumVisualStudioVersion = 10.0.40219.1
Project("{9A19103F-16F7-4668-BE54-9A1E7A4F7556}") = "Discoteque", "Discoteque.csproj", "{A5D6B526-3E2C-4637-A0F0-E3EB181120C0}"
EndProject
Global
	GlobalSection(SolutionConfigurationPlatforms) = preSolution
		Debug|Any CPU = Debug|Any CPU
		Release|Any CPU = Release|Any CPU
	EndGlobalSection
	GlobalSection(ProjectConfigurationPlatforms) = postSolution
		{A5D6B526-3E2C-4637-A0F0-E3EB181120C0}.Debug|Any CPU.ActiveCfg = Debug|Any CPU
		{A5D6B526-3E2C-4637-A0F0-E3EB181120C0}.Debug|Any CPU.Build.0 = Debug|Any CPU
		{A5D6B526-3E2C-4637-A0F0-E3EB181120C0}.Release|Any CPU.ActiveCfg = Release|Any CPU
		{A5D6B526-3E2C-4637-A0F0-E3EB181120C0}.Release|Any CPU.Build.0 = Release|Any CPU
	EndGlobalSection
	GlobalSection(SolutionProperties) = preSolution
		HideSolutionNode = FALSE
	EndGlobalSection
	GlobalSection(ExtensibilityGlobals) = postSolution
		SolutionGuid = {15E59F45-8F44-4E00-ADDD-4BB483C67900}
	EndGlobalSection
EndGlobal
